{
  "name": "supported-typescript",
  "version": "1.0.0",
  "lockfileVersion": 2,
  "requires": true,
  "packages": {
    "": {
      "name": "supported-typescript",
      "version": "1.0.0",
      "license": "ISC",
      "dependencies": {
        "typescript": "^4.5.5",
        "typescript-rtti": "^0.4.6"
      }
    },
    "node_modules/typescript": {
      "version": "4.6.2",
      "resolved": "https://registry.npmjs.org/typescript/-/typescript-4.6.2.tgz",
      "integrity": "sha512-HM/hFigTBHZhLXshn9sN37H085+hQGeJHJ/X7LpBWLID/fbc2acUMfU+lGD98X81sKP+pFa9f0DZmCwB9GnbAg==",
      "bin": {
        "tsc": "bin/tsc",
        "tsserver": "bin/tsserver"
      },
      "engines": {
        "node": ">=4.2.0"
      }
    },
    "node_modules/typescript-rtti": {
      "version": "0.4.6",
      "resolved": "https://registry.npmjs.org/typescript-rtti/-/typescript-rtti-0.4.6.tgz",
      "integrity": "sha512-GdvY2yBZAMrz7DsfvSRCZk8zXZGW0g+ml4Bduxcu39wxcAypH+8i1TysgTnM3724jUirVrOi/iGRQ1n/YacLNw==",
      "engines": {
        "node": ">=10"
      },
      "peerDependencies": {
        "typescript": "4.6"
      }
    }
  },
  "dependencies": {
    "typescript": {
      "version": "4.6.2",
      "resolved": "https://registry.npmjs.org/typescript/-/typescript-4.6.2.tgz",
      "integrity": "sha512-HM/hFigTBHZhLXshn9sN37H085+hQGeJHJ/X7LpBWLID/fbc2acUMfU+lGD98X81sKP+pFa9f0DZmCwB9GnbAg=="
    },
    "typescript-rtti": {
      "version": "0.4.6",
      "resolved": "https://registry.npmjs.org/typescript-rtti/-/typescript-rtti-0.4.6.tgz",
      "integrity": "sha512-GdvY2yBZAMrz7DsfvSRCZk8zXZGW0g+ml4Bduxcu39wxcAypH+8i1TysgTnM3724jUirVrOi/iGRQ1n/YacLNw==",
      "requires": {}
    }
  }
}
