{
  "name": "supported-typescript",
  "version": "1.0.0",
  "lockfileVersion": 2,
  "requires": true,
  "packages": {
    "": {
      "name": "supported-typescript",
      "version": "1.0.0",
      "license": "ISC",
      "dependencies": {
        "typescript": "5.1.6",
        "typescript-rtti": "^0.9.4"
      }
    },
    "node_modules/reflect-metadata": {
      "version": "0.1.13",
      "resolved": "https://registry.npmjs.org/reflect-metadata/-/reflect-metadata-0.1.13.tgz",
      "integrity": "sha512-Ts1Y/anZELhSsjMcU605fU9RE4Oi3p5ORujwbIKXfWa+0Zxs510Qrmrce5/Jowq3cHSZSJqBjypxmHarc+vEWg==",
      "peer": true
    },
    "node_modules/typescript": {
      "version": "5.1.6",
      "resolved": "https://registry.npmjs.org/typescript/-/typescript-5.1.6.tgz",
      "integrity": "sha512-zaWCozRZ6DLEWAWFrVDz1H6FVXzUSfTy5FUMWsQlU8Ym5JP9eO4xkTIROFCQvhQf61z6O/G6ugw3SgAnvvm+HA==",
      "bin": {
        "tsc": "bin/tsc",
        "tsserver": "bin/tsserver"
      },
      "engines": {
        "node": ">=14.17"
      }
    },
    "node_modules/typescript-rtti": {
      "version": "0.9.4",
      "resolved": "https://registry.npmjs.org/typescript-rtti/-/typescript-rtti-0.9.4.tgz",
      "integrity": "sha512-ZnDlWiJhhq8V1Nt0qiNb8I47f5/XotCdNPJOs/MV9r4rPwZhm8ckX/033RFvtIk7n/VP6OgCdBQ1+ocUN/EMNg==",
      "engines": {
        "node": ">=10"
      },
      "peerDependencies": {
        "reflect-metadata": "^0.1.13",
        "typescript": "4.8 || 4.9 || 5.0 || 5.1"
      }
    }
  },
  "dependencies": {
    "reflect-metadata": {
      "version": "0.1.13",
      "resolved": "https://registry.npmjs.org/reflect-metadata/-/reflect-metadata-0.1.13.tgz",
      "integrity": "sha512-Ts1Y/anZELhSsjMcU605fU9RE4Oi3p5ORujwbIKXfWa+0Zxs510Qrmrce5/Jowq3cHSZSJqBjypxmHarc+vEWg==",
      "peer": true
    },
    "typescript": {
      "version": "5.1.6",
      "resolved": "https://registry.npmjs.org/typescript/-/typescript-5.1.6.tgz",
      "integrity": "sha512-zaWCozRZ6DLEWAWFrVDz1H6FVXzUSfTy5FUMWsQlU8Ym5JP9eO4xkTIROFCQvhQf61z6O/G6ugw3SgAnvvm+HA=="
    },
    "typescript-rtti": {
      "version": "0.9.4",
      "resolved": "https://registry.npmjs.org/typescript-rtti/-/typescript-rtti-0.9.4.tgz",
      "integrity": "sha512-ZnDlWiJhhq8V1Nt0qiNb8I47f5/XotCdNPJOs/MV9r4rPwZhm8ckX/033RFvtIk7n/VP6OgCdBQ1+ocUN/EMNg==",
      "requires": {}
    }
  }
}
